
Microsoft Visual Studio Solution File, Format Version 12.00
# Visual Studio Version 17
VisualStudioVersion = 17.0.31903.59
MinimumVisualStudioVersion = 10.0.40219.1
Project("{9A19103F-16F7-4668-BE54-9A1E7A4F7556}") = "AuthService", "AuthService\AuthService.csproj", "{5EC8823B-AF79-438A-9A38-86034A0DDAA6}"
EndProject
Project("{9A19103F-16F7-4668-BE54-9A1E7A4F7556}") = "UserService", "UserService\UserService.csproj", "{45F79774-6732-4117-97A4-9EEAB8317B0E}"
EndProject
Project("{9A19103F-16F7-4668-BE54-9A1E7A4F7556}") = "ChatService", "ChatService\ChatService.csproj", "{C86927BB-0CF6-4632-90C2-2567A49F85D8}"
EndProject
Project("{9A19103F-16F7-4668-BE54-9A1E7A4F7556}") = "SignalingService", "SignalingService\SignalingService.csproj", "{18ABB6F1-ED44-40DA-841A-637C0387A8F2}"
EndProject
Project("{9A19103F-16F7-4668-BE54-9A1E7A4F7556}") = "ChatApplication", "ChatApplication\ChatApplication.csproj", "{399CA8F3-101D-42B1-A0E2-B170CB1DA9A3}"
EndProject
Global
	GlobalSection(SolutionConfigurationPlatforms) = preSolution
		Debug|Any CPU = Debug|Any CPU
		Release|Any CPU = Release|Any CPU
	EndGlobalSection
	GlobalSection(ProjectConfigurationPlatforms) = postSolution
		{5EC8823B-AF79-438A-9A38-86034A0DDAA6}.Debug|Any CPU.ActiveCfg = Debug|Any CPU
		{5EC8823B-AF79-438A-9A38-86034A0DDAA6}.Debug|Any CPU.Build.0 = Debug|Any CPU
		{5EC8823B-AF79-438A-9A38-86034A0DDAA6}.Release|Any CPU.ActiveCfg = Release|Any CPU
		{5EC8823B-AF79-438A-9A38-86034A0DDAA6}.Release|Any CPU.Build.0 = Release|Any CPU
		{45F79774-6732-4117-97A4-9EEAB8317B0E}.Debug|Any CPU.ActiveCfg = Debug|Any CPU
		{45F79774-6732-4117-97A4-9EEAB8317B0E}.Debug|Any CPU.Build.0 = Debug|Any CPU
		{45F79774-6732-4117-97A4-9EEAB8317B0E}.Release|Any CPU.ActiveCfg = Release|Any CPU
		{45F79774-6732-4117-97A4-9EEAB8317B0E}.Release|Any CPU.Build.0 = Release|Any CPU
		{C86927BB-0CF6-4632-90C2-2567A49F85D8}.Debug|Any CPU.ActiveCfg = Debug|Any CPU
		{C86927BB-0CF6-4632-90C2-2567A49F85D8}.Debug|Any CPU.Build.0 = Debug|Any CPU
		{C86927BB-0CF6-4632-90C2-2567A49F85D8}.Release|Any CPU.ActiveCfg = Release|Any CPU
		{C86927BB-0CF6-4632-90C2-2567A49F85D8}.Release|Any CPU.Build.0 = Release|Any CPU
		{18ABB6F1-ED44-40DA-841A-637C0387A8F2}.Debug|Any CPU.ActiveCfg = Debug|Any CPU
		{18ABB6F1-ED44-40DA-841A-637C0387A8F2}.Debug|Any CPU.Build.0 = Debug|Any CPU
		{18ABB6F1-ED44-40DA-841A-637C0387A8F2}.Release|Any CPU.ActiveCfg = Release|Any CPU
		{18ABB6F1-ED44-40DA-841A-637C0387A8F2}.Release|Any CPU.Build.0 = Release|Any CPU
		{399CA8F3-101D-42B1-A0E2-B170CB1DA9A3}.Debug|Any CPU.ActiveCfg = Debug|Any CPU
		{399CA8F3-101D-42B1-A0E2-B170CB1DA9A3}.Debug|Any CPU.Build.0 = Debug|Any CPU
		{399CA8F3-101D-42B1-A0E2-B170CB1DA9A3}.Release|Any CPU.ActiveCfg = Release|Any CPU
		{399CA8F3-101D-42B1-A0E2-B170CB1DA9A3}.Release|Any CPU.Build.0 = Release|Any CPU
	EndGlobalSection
	GlobalSection(SolutionProperties) = preSolution
		HideSolutionNode = FALSE
	EndGlobalSection
	GlobalSection(ExtensibilityGlobals) = postSolution
		SolutionGuid = {340F6F6A-95B2-49E6-A1F3-9ECD18673F41}
	EndGlobalSection
EndGlobal
